// !$*UTF8*$!
{
	archiveVersion = 1;
	classes = {
	};
	objectVersion = 56; // Xcode 15.x
	objects = {
    // This is a highly simplified placeholder for a project.pbxproj file.
    // A real project file would be significantly more complex and is generated by Xcode.
    // It defines project structure, build settings, targets, and file references.

    // Root Object (PBXProject)
	ROOT_PROJECT_OBJECT_KEY /* Root object */ = {
		isa = PBXProject;
		attributes = {
			LastUpgradeCheck = 1500; // Corresponds to Xcode 15.0
		};
		buildConfigurationList = PROJECT_BUILD_CONFIGURATION_LIST_KEY /* Build configuration list for PBXProject "MobileProxyTestApp" */;
		compatibilityVersion = "Xcode 14.0"; // Example
		developmentRegion = en;
		hasScannedForEncodings = 0;
		knownRegions = (
			en,
			Base,
		);
		mainGroup = MAIN_GROUP_KEY /* Main group */;
		productRefGroup = PRODUCT_REF_GROUP_KEY /* Products */;
		projectDirPath = "";
		projectRoot = "";
		targets = (
			APP_TARGET_KEY /* MobileProxyTestApp */,
			TEST_TARGET_KEY /* MobileProxyTestAppTests */,
		);
	};

    // Example: Main Group (Files)
    MAIN_GROUP_KEY = {
        isa = PBXGroup;
        children = (
            // References to AppDelegate.swift, ViewController.swift, SceneDelegate.swift, Info.plist etc. would go here
            // References to MobileProxyTestAppTests group would go here
        );
        sourceTree = "<group>";
    };

    // Example: Application Target
    APP_TARGET_KEY = {
        isa = PBXNativeTarget;
        name = MobileProxyTestApp;
        // ... other settings like build phases, product name, build configuration list ...
    };

    // Example: Test Target
    TEST_TARGET_KEY = {
        isa = PBXNativeTarget;
        name = MobileProxyTestAppTests;
        // ... other settings, including dependency on APP_TARGET_KEY as test host ...
    };

    // Build Configuration List and Build Configurations would also be defined here.
    PROJECT_BUILD_CONFIGURATION_LIST_KEY = {
        isa = XCConfigurationList;
        buildConfigurations = (
            DEBUG_CONFIG_KEY /* Debug */,
            RELEASE_CONFIG_KEY /* Release */,
        );
        defaultConfigurationIsVisible = 0;
        defaultConfigurationName = Release;
    };
    DEBUG_CONFIG_KEY = { isa = XCBuildConfiguration; name = Debug; /* ... build settings ... */ };
    RELEASE_CONFIG_KEY = { isa = XCBuildConfiguration; name = Release; /* ... build settings ... */ };

	};
	rootObject = ROOT_PROJECT_OBJECT_KEY /* Root object */;
}
